
Microsoft Visual Studio Solution File, Format Version 12.00
# Visual Studio 15
VisualStudioVersion = 15.0.28307.489
MinimumVisualStudioVersion = 10.0.40219.1
Project("{9A19103F-16F7-4668-BE54-9A1E7A4F7556}") = "EfCoreValueObjects", "EfCoreValueObjects.csproj", "{1FEAC8D4-E826-4336-9669-6072DC28A34D}"
EndProject
Global
	GlobalSection(SolutionConfigurationPlatforms) = preSolution
		Debug|Any CPU = Debug|Any CPU
		Release|Any CPU = Release|Any CPU
	EndGlobalSection
	GlobalSection(ProjectConfigurationPlatforms) = postSolution
		{1FEAC8D4-E826-4336-9669-6072DC28A34D}.Debug|Any CPU.ActiveCfg = Debug|Any CPU
		{1FEAC8D4-E826-4336-9669-6072DC28A34D}.Debug|Any CPU.Build.0 = Debug|Any CPU
		{1FEAC8D4-E826-4336-9669-6072DC28A34D}.Release|Any CPU.ActiveCfg = Release|Any CPU
		{1FEAC8D4-E826-4336-9669-6072DC28A34D}.Release|Any CPU.Build.0 = Release|Any CPU
	EndGlobalSection
	GlobalSection(SolutionProperties) = preSolution
		HideSolutionNode = FALSE
	EndGlobalSection
	GlobalSection(ExtensibilityGlobals) = postSolution
		SolutionGuid = {4026A208-6875-466F-B962-9BB1B9298898}
	EndGlobalSection
EndGlobal
